
Microsoft Visual Studio Solution File, Format Version 12.00
# Visual Studio Version 17
VisualStudioVersion = 17.7.33808.371
MinimumVisualStudioVersion = 10.0.40219.1
Project("{FAE04EC0-301F-11D3-BF4B-00C04F79EFBC}") = "YazilimciKampiOdevi3", "YazilimciKampiOdevi3\YazilimciKampiOdevi3.csproj", "{8F09F095-309F-48B3-8E31-64145D369F69}"
EndProject
Global
	GlobalSection(SolutionConfigurationPlatforms) = preSolution
		Debug|Any CPU = Debug|Any CPU
		Release|Any CPU = Release|Any CPU
	EndGlobalSection
	GlobalSection(ProjectConfigurationPlatforms) = postSolution
		{8F09F095-309F-48B3-8E31-64145D369F69}.Debug|Any CPU.ActiveCfg = Debug|Any CPU
		{8F09F095-309F-48B3-8E31-64145D369F69}.Debug|Any CPU.Build.0 = Debug|Any CPU
		{8F09F095-309F-48B3-8E31-64145D369F69}.Release|Any CPU.ActiveCfg = Release|Any CPU
		{8F09F095-309F-48B3-8E31-64145D369F69}.Release|Any CPU.Build.0 = Release|Any CPU
	EndGlobalSection
	GlobalSection(SolutionProperties) = preSolution
		HideSolutionNode = FALSE
	EndGlobalSection
	GlobalSection(ExtensibilityGlobals) = postSolution
		SolutionGuid = {A3C6287A-1C11-4D47-83BD-122D1A81A1CF}
	EndGlobalSection
EndGlobal
